
Microsoft Visual Studio Solution File, Format Version 12.00
# Visual Studio 15
VisualStudioVersion = 15.0.27130.2036
MinimumVisualStudioVersion = 10.0.40219.1
Project("{FAE04EC0-301F-11D3-BF4B-00C04F79EFBC}") = "Intento2", "Intento2\Intento2.csproj", "{412C8FAF-B0DE-4BB9-A8DE-5D8B1B99EEAC}"
EndProject
Global
	GlobalSection(SolutionConfigurationPlatforms) = preSolution
		Debug|Any CPU = Debug|Any CPU
		Release|Any CPU = Release|Any CPU
	EndGlobalSection
	GlobalSection(ProjectConfigurationPlatforms) = postSolution
		{412C8FAF-B0DE-4BB9-A8DE-5D8B1B99EEAC}.Debug|Any CPU.ActiveCfg = Debug|Any CPU
		{412C8FAF-B0DE-4BB9-A8DE-5D8B1B99EEAC}.Debug|Any CPU.Build.0 = Debug|Any CPU
		{412C8FAF-B0DE-4BB9-A8DE-5D8B1B99EEAC}.Release|Any CPU.ActiveCfg = Release|Any CPU
		{412C8FAF-B0DE-4BB9-A8DE-5D8B1B99EEAC}.Release|Any CPU.Build.0 = Release|Any CPU
	EndGlobalSection
	GlobalSection(SolutionProperties) = preSolution
		HideSolutionNode = FALSE
	EndGlobalSection
	GlobalSection(ExtensibilityGlobals) = postSolution
		SolutionGuid = {274DB000-1425-4868-B66E-FB877640EBF6}
	EndGlobalSection
EndGlobal
